
Microsoft Visual Studio Solution File, Format Version 12.00
# Visual Studio Version 17
VisualStudioVersion = 17.7.34024.191
MinimumVisualStudioVersion = 10.0.40219.1
Project("{FAE04EC0-301F-11D3-BF4B-00C04F79EFBC}") = "buoi_4", "buoi_4\buoi_4.csproj", "{0429EE80-42D7-4F72-AF14-FAA15DE1E853}"
EndProject
Global
	GlobalSection(SolutionConfigurationPlatforms) = preSolution
		Debug|Any CPU = Debug|Any CPU
		Release|Any CPU = Release|Any CPU
	EndGlobalSection
	GlobalSection(ProjectConfigurationPlatforms) = postSolution
		{0429EE80-42D7-4F72-AF14-FAA15DE1E853}.Debug|Any CPU.ActiveCfg = Debug|Any CPU
		{0429EE80-42D7-4F72-AF14-FAA15DE1E853}.Debug|Any CPU.Build.0 = Debug|Any CPU
		{0429EE80-42D7-4F72-AF14-FAA15DE1E853}.Release|Any CPU.ActiveCfg = Release|Any CPU
		{0429EE80-42D7-4F72-AF14-FAA15DE1E853}.Release|Any CPU.Build.0 = Release|Any CPU
	EndGlobalSection
	GlobalSection(SolutionProperties) = preSolution
		HideSolutionNode = FALSE
	EndGlobalSection
	GlobalSection(ExtensibilityGlobals) = postSolution
		SolutionGuid = {AA0A46F1-F88A-4C1A-9541-A2ED22B762C6}
	EndGlobalSection
EndGlobal
